
Microsoft Visual Studio Solution File, Format Version 12.00
# Visual Studio Version 17
VisualStudioVersion = 17.13.36105.23
MinimumVisualStudioVersion = 10.0.40219.1
Project("{FAE04EC0-301F-11D3-BF4B-00C04F79EFBC}") = "USheets", "USheets\USheets.csproj", "{86803C25-B098-41F7-876F-CB3E8AEC1E36}"
EndProject
Project("{FAE04EC0-301F-11D3-BF4B-00C04F79EFBC}") = "USheets.Api", "USheets.Api\USheets.Api.csproj", "{DC46F509-002C-E112-BE71-9DAD8DAA9DDA}"
EndProject
Global
	GlobalSection(SolutionConfigurationPlatforms) = preSolution
		Debug|Any CPU = Debug|Any CPU
		Release|Any CPU = Release|Any CPU
	EndGlobalSection
	GlobalSection(ProjectConfigurationPlatforms) = postSolution
		{86803C25-B098-41F7-876F-CB3E8AEC1E36}.Debug|Any CPU.ActiveCfg = Debug|Any CPU
		{86803C25-B098-41F7-876F-CB3E8AEC1E36}.Debug|Any CPU.Build.0 = Debug|Any CPU
		{86803C25-B098-41F7-876F-CB3E8AEC1E36}.Release|Any CPU.ActiveCfg = Release|Any CPU
		{86803C25-B098-41F7-876F-CB3E8AEC1E36}.Release|Any CPU.Build.0 = Release|Any CPU
		{DC46F509-002C-E112-BE71-9DAD8DAA9DDA}.Debug|Any CPU.ActiveCfg = Debug|Any CPU
		{DC46F509-002C-E112-BE71-9DAD8DAA9DDA}.Debug|Any CPU.Build.0 = Debug|Any CPU
		{DC46F509-002C-E112-BE71-9DAD8DAA9DDA}.Release|Any CPU.ActiveCfg = Release|Any CPU
		{DC46F509-002C-E112-BE71-9DAD8DAA9DDA}.Release|Any CPU.Build.0 = Release|Any CPU
	EndGlobalSection
	GlobalSection(SolutionProperties) = preSolution
		HideSolutionNode = FALSE
	EndGlobalSection
	GlobalSection(ExtensibilityGlobals) = postSolution
		SolutionGuid = {19FD5DD0-EEDA-4916-B45E-282050C7F62D}
	EndGlobalSection
EndGlobal
